
Microsoft Visual Studio Solution File, Format Version 12.00
# Visual Studio Version 17
VisualStudioVersion = 17.4.33213.308
MinimumVisualStudioVersion = 10.0.40219.1
Project("{FAE04EC0-301F-11D3-BF4B-00C04F79EFBC}") = "Labrab2", "Labrab2\Labrab2.csproj", "{9B12EC11-CD75-4C3A-A946-3B5672D3954B}"
EndProject
Global
	GlobalSection(SolutionConfigurationPlatforms) = preSolution
		Debug|Any CPU = Debug|Any CPU
		Release|Any CPU = Release|Any CPU
	EndGlobalSection
	GlobalSection(ProjectConfigurationPlatforms) = postSolution
		{9B12EC11-CD75-4C3A-A946-3B5672D3954B}.Debug|Any CPU.ActiveCfg = Debug|Any CPU
		{9B12EC11-CD75-4C3A-A946-3B5672D3954B}.Debug|Any CPU.Build.0 = Debug|Any CPU
		{9B12EC11-CD75-4C3A-A946-3B5672D3954B}.Release|Any CPU.ActiveCfg = Release|Any CPU
		{9B12EC11-CD75-4C3A-A946-3B5672D3954B}.Release|Any CPU.Build.0 = Release|Any CPU
	EndGlobalSection
	GlobalSection(SolutionProperties) = preSolution
		HideSolutionNode = FALSE
	EndGlobalSection
	GlobalSection(ExtensibilityGlobals) = postSolution
		SolutionGuid = {0BB4F7AC-BD90-4DE2-95DB-2CBDF18C20FD}
	EndGlobalSection
EndGlobal
